// !$*UTF8*$!
{
	archiveVersion = 1;
	classes = {
	};
	objectVersion = 46;
	objects = {

/* Begin PBXBuildFile section */
		2DBA1016FFF055FF45A9055F /* APContactDataExtractor.m in Sources */ = {isa = PBXBuildFile; fileRef = 2DBA12E240C11F068D413172 /* APContactDataExtractor.m */; };
		2DBA10737FE3D78B376ECA63 /* APContactBuilder.m in Sources */ = {isa = PBXBuildFile; fileRef = 2DBA1604B89FECA28D63A4E1 /* APContactBuilder.m */; };
		2DBA109D090690D1FFC475E1 /* NSArray+APAddressBook.m in Sources */ = {isa = PBXBuildFile; fileRef = 2DBA1F8EC05FD1E6B25610F8 /* NSArray+APAddressBook.m */; };
		2DBA10BA949BD8EE94CE1B7F /* APSocialServiceHelper.m in Sources */ = {isa = PBXBuildFile; fileRef = 2DBA10CD448035BCCF8CE18C /* APSocialServiceHelper.m */; };
		2DBA12C009DF840FBF8B9814 /* APAddress.m in Sources */ = {isa = PBXBuildFile; fileRef = 2DBA1F8E5321648E0D2FA935 /* APAddress.m */; };
		2DBA14C1FDD7C0FCF2AA90CD /* APContact.m in Sources */ = {isa = PBXBuildFile; fileRef = 2DBA1AE391BBD61912B087DC /* APContact.m */; };
		2DBA1510F4032ED6F7865F46 /* APRecordDate.m in Sources */ = {isa = PBXBuildFile; fileRef = 2DBA16A1950DE98135C600D6 /* APRecordDate.m */; };
		2DBA167261FFA4BBC45578CD /* APAddressBook.m in Sources */ = {isa = PBXBuildFile; fileRef = 2DBA10BD5C043BD14272E54F /* APAddressBook.m */; };
		2DBA16781C5DC6A96A2CFF52 /* APAddressBookContactsRoutine.m in Sources */ = {isa = PBXBuildFile; fileRef = 2DBA1BD363A9810C1245ABD2 /* APAddressBookContactsRoutine.m */; };
		2DBA1698444FFC18865D3F8A /* APEmail.m in Sources */ = {isa = PBXBuildFile; fileRef = 2DBA1369D8302D0C20720875 /* APEmail.m */; };
		2DBA16BC6A2D5A26B09A35CB /* APAddressBookBaseRoutine.m in Sources */ = {isa = PBXBuildFile; fileRef = 2DBA180DA420E18728FC4027 /* APAddressBookBaseRoutine.m */; };
		2DBA16C1CB1EF01C1A9D7C4B /* APAddressBookAccessRoutine.m in Sources */ = {isa = PBXBuildFile; fileRef = 2DBA16DA407D0A91F2841B76 /* APAddressBookAccessRoutine.m */; };
		2DBA18D0F47A1B7C5A949975 /* APPhone.m in Sources */ = {isa = PBXBuildFile; fileRef = 2DBA17882043145CD3A50C80 /* APPhone.m */; };
		2DBA1A57C7C32CE574FCBAA8 /* APThread.m in Sources */ = {isa = PBXBuildFile; fileRef = 2DBA130FE5FE2BED92606430 /* APThread.m */; };
		2DBA1C184E4D42C3554159FE /* APRelatedPerson.m in Sources */ = {isa = PBXBuildFile; fileRef = 2DBA11FD396A98F1816F9D9C /* APRelatedPerson.m */; };
		2DBA1C1C26ADAA7E92CA8B2C /* APImageExtractor.m in Sources */ = {isa = PBXBuildFile; fileRef = 2DBA1840FDFEC835948E8807 /* APImageExtractor.m */; };
		2DBA1D06B540412341183C26 /* APJob.m in Sources */ = {isa = PBXBuildFile; fileRef = 2DBA12CAA85ADFA4C222ACB2 /* APJob.m */; };
		2DBA1EBDD7AAA1F6DFCDA8C8 /* APSocialProfile.m in Sources */ = {isa = PBXBuildFile; fileRef = 2DBA19AED5CF3A6DF88298D6 /* APSocialProfile.m */; };
		2DBA1ED5FF8BB0422251D099 /* APAddressBookExternalChangeRoutine.m in Sources */ = {isa = PBXBuildFile; fileRef = 2DBA1B612222E9AD4E6C8C88 /* APAddressBookExternalChangeRoutine.m */; };
		2DBA1ED7FA65157CAFEE6AD6 /* APAddressBookRefWrapper.m in Sources */ = {isa = PBXBuildFile; fileRef = 2DBA16351BA607C359F2FCB0 /* APAddressBookRefWrapper.m */; };
		2DBA1FEA55E9F18B48D08744 /* APName.m in Sources */ = {isa = PBXBuildFile; fileRef = 2DBA1E30D2262D6633DBBC21 /* APName.m */; };
		2DBA1FF448126E5A664886A6 /* APSource.m in Sources */ = {isa = PBXBuildFile; fileRef = 2DBA15E1EA2F2E03F80B0F15 /* APSource.m */; };
		E3F1D892D235D625184F9F17 /* Pods.framework in Frameworks */ = {isa = PBXBuildFile; fileRef = 3BB78809B6D8C50909ECAA0D /* Pods.framework */; settings = {ATTRIBUTES = (Weak, ); }; };
		FA3B984C198ABBB5005953CE /* TableViewCell.swift in Sources */ = {isa = PBXBuildFile; fileRef = FA3B984B198ABBB5005953CE /* TableViewCell.swift */; };
		FACA8345198AB2FD0059676C /* AppDelegate.swift in Sources */ = {isa = PBXBuildFile; fileRef = FACA8344198AB2FD0059676C /* AppDelegate.swift */; };
		FACA8347198AB2FD0059676C /* ViewController.swift in Sources */ = {isa = PBXBuildFile; fileRef = FACA8346198AB2FD0059676C /* ViewController.swift */; };
		FACA834A198AB2FD0059676C /* Main.storyboard in Resources */ = {isa = PBXBuildFile; fileRef = FACA8348198AB2FD0059676C /* Main.storyboard */; };
		FACA834C198AB2FD0059676C /* Images.xcassets in Resources */ = {isa = PBXBuildFile; fileRef = FACA834B198AB2FD0059676C /* Images.xcassets */; };
/* End PBXBuildFile section */

/* Begin PBXFileReference section */
		2DBA102681262588EE7ED16A /* APRelatedPerson.h */ = {isa = PBXFileReference; fileEncoding = 4; lastKnownFileType = sourcecode.c.h; path = APRelatedPerson.h; sourceTree = "<group>"; };
		2DBA10442A033217D1DC2AFB /* APContact.h */ = {isa = PBXFileReference; fileEncoding = 4; lastKnownFileType = sourcecode.c.h; path = APContact.h; sourceTree = "<group>"; };
		2DBA10BD5C043BD14272E54F /* APAddressBook.m */ = {isa = PBXFileReference; fileEncoding = 4; lastKnownFileType = sourcecode.c.objc; path = APAddressBook.m; sourceTree = "<group>"; };
		2DBA10CD448035BCCF8CE18C /* APSocialServiceHelper.m */ = {isa = PBXFileReference; fileEncoding = 4; lastKnownFileType = sourcecode.c.objc; path = APSocialServiceHelper.m; sourceTree = "<group>"; };
		2DBA10E940F4C7E60D2262F6 /* APEmail.h */ = {isa = PBXFileReference; fileEncoding = 4; lastKnownFileType = sourcecode.c.h; path = APEmail.h; sourceTree = "<group>"; };
		2DBA1168489732203DE23D9D /* APAddressBookAccessRoutine.h */ = {isa = PBXFileReference; fileEncoding = 4; lastKnownFileType = sourcecode.c.h; path = APAddressBookAccessRoutine.h; sourceTree = "<group>"; };
		2DBA11EE622FFA2504496E45 /* APSource.h */ = {isa = PBXFileReference; fileEncoding = 4; lastKnownFileType = sourcecode.c.h; path = APSource.h; sourceTree = "<group>"; };
		2DBA11FD396A98F1816F9D9C /* APRelatedPerson.m */ = {isa = PBXFileReference; fileEncoding = 4; lastKnownFileType = sourcecode.c.objc; path = APRelatedPerson.m; sourceTree = "<group>"; };
		2DBA1238D6D0DF076ED7DB7C /* APAddressBookRefWrapper.h */ = {isa = PBXFileReference; fileEncoding = 4; lastKnownFileType = sourcecode.c.h; path = APAddressBookRefWrapper.h; sourceTree = "<group>"; };
		2DBA12CAA85ADFA4C222ACB2 /* APJob.m */ = {isa = PBXFileReference; fileEncoding = 4; lastKnownFileType = sourcecode.c.objc; path = APJob.m; sourceTree = "<group>"; };
		2DBA12E240C11F068D413172 /* APContactDataExtractor.m */ = {isa = PBXFileReference; fileEncoding = 4; lastKnownFileType = sourcecode.c.objc; path = APContactDataExtractor.m; sourceTree = "<group>"; };
		2DBA130FE5FE2BED92606430 /* APThread.m */ = {isa = PBXFileReference; fileEncoding = 4; lastKnownFileType = sourcecode.c.objc; path = APThread.m; sourceTree = "<group>"; };
		2DBA1342891040EAAAB3E2F8 /* APAddress.h */ = {isa = PBXFileReference; fileEncoding = 4; lastKnownFileType = sourcecode.c.h; path = APAddress.h; sourceTree = "<group>"; };
		2DBA13653E4A7E9BFE89F25E /* APSocialServiceHelper.h */ = {isa = PBXFileReference; fileEncoding = 4; lastKnownFileType = sourcecode.c.h; path = APSocialServiceHelper.h; sourceTree = "<group>"; };
		2DBA1369D8302D0C20720875 /* APEmail.m */ = {isa = PBXFileReference; fileEncoding = 4; lastKnownFileType = sourcecode.c.objc; path = APEmail.m; sourceTree = "<group>"; };
		2DBA13DB900E2EFE71DD0F16 /* APAddressBookExternalChangeDelegate.h */ = {isa = PBXFileReference; fileEncoding = 4; lastKnownFileType = sourcecode.c.h; path = APAddressBookExternalChangeDelegate.h; sourceTree = "<group>"; };
		2DBA15E1EA2F2E03F80B0F15 /* APSource.m */ = {isa = PBXFileReference; fileEncoding = 4; lastKnownFileType = sourcecode.c.objc; path = APSource.m; sourceTree = "<group>"; };
		2DBA1604B89FECA28D63A4E1 /* APContactBuilder.m */ = {isa = PBXFileReference; fileEncoding = 4; lastKnownFileType = sourcecode.c.objc; path = APContactBuilder.m; sourceTree = "<group>"; };
		2DBA160E25DEB4B77308F3DB /* APContactDataExtractor.h */ = {isa = PBXFileReference; fileEncoding = 4; lastKnownFileType = sourcecode.c.h; path = APContactDataExtractor.h; sourceTree = "<group>"; };
		2DBA16351BA607C359F2FCB0 /* APAddressBookRefWrapper.m */ = {isa = PBXFileReference; fileEncoding = 4; lastKnownFileType = sourcecode.c.objc; path = APAddressBookRefWrapper.m; sourceTree = "<group>"; };
		2DBA16420DD38F18BCE12232 /* APThread.h */ = {isa = PBXFileReference; fileEncoding = 4; lastKnownFileType = sourcecode.c.h; path = APThread.h; sourceTree = "<group>"; };
		2DBA16A1950DE98135C600D6 /* APRecordDate.m */ = {isa = PBXFileReference; fileEncoding = 4; lastKnownFileType = sourcecode.c.objc; path = APRecordDate.m; sourceTree = "<group>"; };
		2DBA16B326E21D6053493723 /* NSArray+APAddressBook.h */ = {isa = PBXFileReference; fileEncoding = 4; lastKnownFileType = sourcecode.c.h; path = "NSArray+APAddressBook.h"; sourceTree = "<group>"; };
		2DBA16DA407D0A91F2841B76 /* APAddressBookAccessRoutine.m */ = {isa = PBXFileReference; fileEncoding = 4; lastKnownFileType = sourcecode.c.objc; path = APAddressBookAccessRoutine.m; sourceTree = "<group>"; };
		2DBA16EAD199DF0493EFCB59 /* APAddressBookBaseRoutine.h */ = {isa = PBXFileReference; fileEncoding = 4; lastKnownFileType = sourcecode.c.h; path = APAddressBookBaseRoutine.h; sourceTree = "<group>"; };
		2DBA173B481774839DEE8987 /* APPhone.h */ = {isa = PBXFileReference; fileEncoding = 4; lastKnownFileType = sourcecode.c.h; path = APPhone.h; sourceTree = "<group>"; };
		2DBA17882043145CD3A50C80 /* APPhone.m */ = {isa = PBXFileReference; fileEncoding = 4; lastKnownFileType = sourcecode.c.objc; path = APPhone.m; sourceTree = "<group>"; };
		2DBA18030237861E44675FDA /* APSocialProfile.h */ = {isa = PBXFileReference; fileEncoding = 4; lastKnownFileType = sourcecode.c.h; path = APSocialProfile.h; sourceTree = "<group>"; };
		2DBA180DA420E18728FC4027 /* APAddressBookBaseRoutine.m */ = {isa = PBXFileReference; fileEncoding = 4; lastKnownFileType = sourcecode.c.objc; path = APAddressBookBaseRoutine.m; sourceTree = "<group>"; };
		2DBA1840FDFEC835948E8807 /* APImageExtractor.m */ = {isa = PBXFileReference; fileEncoding = 4; lastKnownFileType = sourcecode.c.objc; path = APImageExtractor.m; sourceTree = "<group>"; };
		2DBA1869B0C3604B3EA3EB6F /* APContactBuilder.h */ = {isa = PBXFileReference; fileEncoding = 4; lastKnownFileType = sourcecode.c.h; path = APContactBuilder.h; sourceTree = "<group>"; };
		2DBA18C793434452679E0397 /* APTypes.h */ = {isa = PBXFileReference; fileEncoding = 4; lastKnownFileType = sourcecode.c.h; path = APTypes.h; sourceTree = "<group>"; };
		2DBA197CF7460F591922CF6B /* APJob.h */ = {isa = PBXFileReference; fileEncoding = 4; lastKnownFileType = sourcecode.c.h; path = APJob.h; sourceTree = "<group>"; };
		2DBA19AED5CF3A6DF88298D6 /* APSocialProfile.m */ = {isa = PBXFileReference; fileEncoding = 4; lastKnownFileType = sourcecode.c.objc; path = APSocialProfile.m; sourceTree = "<group>"; };
		2DBA19F1F14B24CC0B4DF4DE /* APAddressBook-Bridging.h */ = {isa = PBXFileReference; fileEncoding = 4; lastKnownFileType = sourcecode.c.h; path = "APAddressBook-Bridging.h"; sourceTree = "<group>"; };
		2DBA1AE391BBD61912B087DC /* APContact.m */ = {isa = PBXFileReference; fileEncoding = 4; lastKnownFileType = sourcecode.c.objc; path = APContact.m; sourceTree = "<group>"; };
		2DBA1B612222E9AD4E6C8C88 /* APAddressBookExternalChangeRoutine.m */ = {isa = PBXFileReference; fileEncoding = 4; lastKnownFileType = sourcecode.c.objc; path = APAddressBookExternalChangeRoutine.m; sourceTree = "<group>"; };
		2DBA1BD363A9810C1245ABD2 /* APAddressBookContactsRoutine.m */ = {isa = PBXFileReference; fileEncoding = 4; lastKnownFileType = sourcecode.c.objc; path = APAddressBookContactsRoutine.m; sourceTree = "<group>"; };
		2DBA1C3D76A6F63ACF28BFF2 /* APImageExtractor.h */ = {isa = PBXFileReference; fileEncoding = 4; lastKnownFileType = sourcecode.c.h; path = APImageExtractor.h; sourceTree = "<group>"; };
		2DBA1C5CF713C376E950F8B0 /* APRecordDate.h */ = {isa = PBXFileReference; fileEncoding = 4; lastKnownFileType = sourcecode.c.h; path = APRecordDate.h; sourceTree = "<group>"; };
		2DBA1CF60065FEF98A3C708D /* APAddressBookExternalChangeRoutine.h */ = {isa = PBXFileReference; fileEncoding = 4; lastKnownFileType = sourcecode.c.h; path = APAddressBookExternalChangeRoutine.h; sourceTree = "<group>"; };
		2DBA1CFC3695941F9B6C0192 /* APAddressBookContactsRoutine.h */ = {isa = PBXFileReference; fileEncoding = 4; lastKnownFileType = sourcecode.c.h; path = APAddressBookContactsRoutine.h; sourceTree = "<group>"; };
		2DBA1D31B171A05F7591F068 /* APName.h */ = {isa = PBXFileReference; fileEncoding = 4; lastKnownFileType = sourcecode.c.h; path = APName.h; sourceTree = "<group>"; };
		2DBA1E30D2262D6633DBBC21 /* APName.m */ = {isa = PBXFileReference; fileEncoding = 4; lastKnownFileType = sourcecode.c.objc; path = APName.m; sourceTree = "<group>"; };
		2DBA1E9C053CF61078C9837B /* APAddressBook.h */ = {isa = PBXFileReference; fileEncoding = 4; lastKnownFileType = sourcecode.c.h; path = APAddressBook.h; sourceTree = "<group>"; };
		2DBA1F8E5321648E0D2FA935 /* APAddress.m */ = {isa = PBXFileReference; fileEncoding = 4; lastKnownFileType = sourcecode.c.objc; path = APAddress.m; sourceTree = "<group>"; };
		2DBA1F8EC05FD1E6B25610F8 /* NSArray+APAddressBook.m */ = {isa = PBXFileReference; fileEncoding = 4; lastKnownFileType = sourcecode.c.objc; path = "NSArray+APAddressBook.m"; sourceTree = "<group>"; };
		3BB78809B6D8C50909ECAA0D /* Pods.framework */ = {isa = PBXFileReference; explicitFileType = wrapper.framework; includeInIndex = 0; path = Pods.framework; sourceTree = BUILT_PRODUCTS_DIR; };
		66F112F4D42891A3F34E4113 /* Pods.release.xcconfig */ = {isa = PBXFileReference; includeInIndex = 1; lastKnownFileType = text.xcconfig; name = Pods.release.xcconfig; path = "Pods/Target Support Files/Pods/Pods.release.xcconfig"; sourceTree = "<group>"; };
		C119F157280640CA31CD4E27 /* Pods.debug.xcconfig */ = {isa = PBXFileReference; includeInIndex = 1; lastKnownFileType = text.xcconfig; name = Pods.debug.xcconfig; path = "Pods/Target Support Files/Pods/Pods.debug.xcconfig"; sourceTree = "<group>"; };
		FA3B984A198AB8C2005953CE /* Bridging.h */ = {isa = PBXFileReference; fileEncoding = 4; lastKnownFileType = sourcecode.c.h; path = Bridging.h; sourceTree = "<group>"; };
		FA3B984B198ABBB5005953CE /* TableViewCell.swift */ = {isa = PBXFileReference; fileEncoding = 4; lastKnownFileType = sourcecode.swift; path = TableViewCell.swift; sourceTree = "<group>"; };
		FACA833F198AB2FD0059676C /* AddressBook.app */ = {isa = PBXFileReference; explicitFileType = wrapper.application; includeInIndex = 0; path = AddressBook.app; sourceTree = BUILT_PRODUCTS_DIR; };
		FACA8343198AB2FD0059676C /* Info.plist */ = {isa = PBXFileReference; lastKnownFileType = text.plist.xml; path = Info.plist; sourceTree = "<group>"; };
		FACA8344198AB2FD0059676C /* AppDelegate.swift */ = {isa = PBXFileReference; lastKnownFileType = sourcecode.swift; path = AppDelegate.swift; sourceTree = "<group>"; };
		FACA8346198AB2FD0059676C /* ViewController.swift */ = {isa = PBXFileReference; lastKnownFileType = sourcecode.swift; path = ViewController.swift; sourceTree = "<group>"; };
		FACA8349198AB2FD0059676C /* Base */ = {isa = PBXFileReference; lastKnownFileType = file.storyboard; name = Base; path = Base.lproj/Main.storyboard; sourceTree = "<group>"; };
		FACA834B198AB2FD0059676C /* Images.xcassets */ = {isa = PBXFileReference; lastKnownFileType = folder.assetcatalog; path = Images.xcassets; sourceTree = "<group>"; };
/* End PBXFileReference section */

/* Begin PBXFrameworksBuildPhase section */
		FACA833C198AB2FD0059676C /* Frameworks */ = {
			isa = PBXFrameworksBuildPhase;
			buildActionMask = 2147483647;
			files = (
				E3F1D892D235D625184F9F17 /* Pods.framework in Frameworks */,
			);
			runOnlyForDeploymentPostprocessing = 0;
		};
/* End PBXFrameworksBuildPhase section */

/* Begin PBXGroup section */
		2DBA100BDA69B48521252649 /* Pod */ = {
			isa = PBXGroup;
			children = (
				2DBA18B61FC13D765A0B17D2 /* Core */,
				2DBA13549AB40E2C56FE686A /* Swift */,
			);
			name = Pod;
			path = ../../Pod;
			sourceTree = "<group>";
		};
		2DBA1047D5582F79D7D3A5EC /* Wrapper */ = {
			isa = PBXGroup;
			children = (
				2DBA1238D6D0DF076ED7DB7C /* APAddressBookRefWrapper.h */,
				2DBA16351BA607C359F2FCB0 /* APAddressBookRefWrapper.m */,
			);
			path = Wrapper;
			sourceTree = "<group>";
		};
		2DBA1083ADA1F7E266A0CC86 /* Private */ = {
			isa = PBXGroup;
			children = (
				2DBA1862676AC70744BED483 /* Thread */,
				2DBA19CA9633637761F1C100 /* Helpers */,
				2DBA18DF1FC4375CECDFD11A /* Routine */,
				2DBA1047D5582F79D7D3A5EC /* Wrapper */,
				2DBA1B22DC5059AA9308CE5C /* Builders */,
				2DBA15E8A3668592D18189C6 /* Categories */,
				2DBA1C0B34C06D769D5E250B /* Extractors */,
			);
			path = Private;
			sourceTree = "<group>";
		};
		2DBA1090E5E8FDD43C06D584 /* Public */ = {
			isa = PBXGroup;
			children = (
				2DBA1B6C9DD6D3C5A803C300 /* Models */,
				2DBA1E9C053CF61078C9837B /* APAddressBook.h */,
				2DBA10BD5C043BD14272E54F /* APAddressBook.m */,
			);
			path = Public;
			sourceTree = "<group>";
		};
		2DBA13549AB40E2C56FE686A /* Swift */ = {
			isa = PBXGroup;
			children = (
				2DBA19F1F14B24CC0B4DF4DE /* APAddressBook-Bridging.h */,
			);
			path = Swift;
			sourceTree = "<group>";
		};
		2DBA15E8A3668592D18189C6 /* Categories */ = {
			isa = PBXGroup;
			children = (
				2DBA16B326E21D6053493723 /* NSArray+APAddressBook.h */,
				2DBA1F8EC05FD1E6B25610F8 /* NSArray+APAddressBook.m */,
			);
			path = Categories;
			sourceTree = "<group>";
		};
		2DBA1841ABB9D85BF09F6B7C /* Base */ = {
			isa = PBXGroup;
			children = (
				2DBA16EAD199DF0493EFCB59 /* APAddressBookBaseRoutine.h */,
				2DBA180DA420E18728FC4027 /* APAddressBookBaseRoutine.m */,
			);
			path = Base;
			sourceTree = "<group>";
		};
		2DBA1862676AC70744BED483 /* Thread */ = {
			isa = PBXGroup;
			children = (
				2DBA16420DD38F18BCE12232 /* APThread.h */,
				2DBA130FE5FE2BED92606430 /* APThread.m */,
			);
			path = Thread;
			sourceTree = "<group>";
		};
		2DBA18B61FC13D765A0B17D2 /* Core */ = {
			isa = PBXGroup;
			children = (
				2DBA1090E5E8FDD43C06D584 /* Public */,
				2DBA1083ADA1F7E266A0CC86 /* Private */,
			);
			path = Core;
			sourceTree = "<group>";
		};
		2DBA18DF1FC4375CECDFD11A /* Routine */ = {
			isa = PBXGroup;
			children = (
				2DBA1841ABB9D85BF09F6B7C /* Base */,
				2DBA1168489732203DE23D9D /* APAddressBookAccessRoutine.h */,
				2DBA16DA407D0A91F2841B76 /* APAddressBookAccessRoutine.m */,
				2DBA1CFC3695941F9B6C0192 /* APAddressBookContactsRoutine.h */,
				2DBA1BD363A9810C1245ABD2 /* APAddressBookContactsRoutine.m */,
				2DBA1CF60065FEF98A3C708D /* APAddressBookExternalChangeRoutine.h */,
				2DBA1B612222E9AD4E6C8C88 /* APAddressBookExternalChangeRoutine.m */,
				2DBA13DB900E2EFE71DD0F16 /* APAddressBookExternalChangeDelegate.h */,
			);
			path = Routine;
			sourceTree = "<group>";
		};
		2DBA19CA9633637761F1C100 /* Helpers */ = {
			isa = PBXGroup;
			children = (
				2DBA13653E4A7E9BFE89F25E /* APSocialServiceHelper.h */,
				2DBA10CD448035BCCF8CE18C /* APSocialServiceHelper.m */,
			);
			path = Helpers;
			sourceTree = "<group>";
		};
		2DBA1B22DC5059AA9308CE5C /* Builders */ = {
			isa = PBXGroup;
			children = (
				2DBA1869B0C3604B3EA3EB6F /* APContactBuilder.h */,
				2DBA1604B89FECA28D63A4E1 /* APContactBuilder.m */,
			);
			path = Builders;
			sourceTree = "<group>";
		};
		2DBA1B6C9DD6D3C5A803C300 /* Models */ = {
			isa = PBXGroup;
			children = (
				2DBA197CF7460F591922CF6B /* APJob.h */,
				2DBA12CAA85ADFA4C222ACB2 /* APJob.m */,
				2DBA1D31B171A05F7591F068 /* APName.h */,
				2DBA1E30D2262D6633DBBC21 /* APName.m */,
				2DBA10E940F4C7E60D2262F6 /* APEmail.h */,
				2DBA1369D8302D0C20720875 /* APEmail.m */,
				2DBA173B481774839DEE8987 /* APPhone.h */,
				2DBA17882043145CD3A50C80 /* APPhone.m */,
				2DBA18C793434452679E0397 /* APTypes.h */,
				2DBA11EE622FFA2504496E45 /* APSource.h */,
				2DBA15E1EA2F2E03F80B0F15 /* APSource.m */,
				2DBA1342891040EAAAB3E2F8 /* APAddress.h */,
				2DBA1F8E5321648E0D2FA935 /* APAddress.m */,
				2DBA10442A033217D1DC2AFB /* APContact.h */,
				2DBA1AE391BBD61912B087DC /* APContact.m */,
				2DBA1C5CF713C376E950F8B0 /* APRecordDate.h */,
				2DBA16A1950DE98135C600D6 /* APRecordDate.m */,
				2DBA102681262588EE7ED16A /* APRelatedPerson.h */,
				2DBA11FD396A98F1816F9D9C /* APRelatedPerson.m */,
				2DBA18030237861E44675FDA /* APSocialProfile.h */,
				2DBA19AED5CF3A6DF88298D6 /* APSocialProfile.m */,
			);
			path = Models;
			sourceTree = "<group>";
		};
		2DBA1C0B34C06D769D5E250B /* Extractors */ = {
			isa = PBXGroup;
			children = (
				2DBA1C3D76A6F63ACF28BFF2 /* APImageExtractor.h */,
				2DBA1840FDFEC835948E8807 /* APImageExtractor.m */,
				2DBA160E25DEB4B77308F3DB /* APContactDataExtractor.h */,
				2DBA12E240C11F068D413172 /* APContactDataExtractor.m */,
			);
			path = Extractors;
			sourceTree = "<group>";
		};
		4845391491E59C918D93E784 /* Pods */ = {
			isa = PBXGroup;
			children = (
				C119F157280640CA31CD4E27 /* Pods.debug.xcconfig */,
				66F112F4D42891A3F34E4113 /* Pods.release.xcconfig */,
			);
			name = Pods;
			sourceTree = "<group>";
		};
		65E3953D9FB24ACD81049105 /* Frameworks */ = {
			isa = PBXGroup;
			children = (
				3BB78809B6D8C50909ECAA0D /* Pods.framework */,
			);
			name = Frameworks;
			sourceTree = "<group>";
		};
		FA3B9847198AB4CC005953CE /* AppDelegate */ = {
			isa = PBXGroup;
			children = (
				FACA8344198AB2FD0059676C /* AppDelegate.swift */,
			);
			name = AppDelegate;
			sourceTree = "<group>";
		};
		FA3B9848198AB4D4005953CE /* Controllers */ = {
			isa = PBXGroup;
			children = (
				FACA8346198AB2FD0059676C /* ViewController.swift */,
				FACA8348198AB2FD0059676C /* Main.storyboard */,
			);
			name = Controllers;
			sourceTree = "<group>";
		};
		FA3B984D198ABBBA005953CE /* Views */ = {
			isa = PBXGroup;
			children = (
				FA3B984B198ABBB5005953CE /* TableViewCell.swift */,
			);
			name = Views;
			sourceTree = "<group>";
		};
		FACA8336198AB2FD0059676C = {
			isa = PBXGroup;
			children = (
				FACA8341198AB2FD0059676C /* AddressBook */,
				FACA8340198AB2FD0059676C /* Products */,
				65E3953D9FB24ACD81049105 /* Frameworks */,
				4845391491E59C918D93E784 /* Pods */,
				2DBA100BDA69B48521252649 /* Pod */,
			);
			sourceTree = "<group>";
		};
		FACA8340198AB2FD0059676C /* Products */ = {
			isa = PBXGroup;
			children = (
				FACA833F198AB2FD0059676C /* AddressBook.app */,
			);
			name = Products;
			sourceTree = "<group>";
		};
		FACA8341198AB2FD0059676C /* AddressBook */ = {
			isa = PBXGroup;
			children = (
				FA3B9848198AB4D4005953CE /* Controllers */,
				FA3B984D198ABBBA005953CE /* Views */,
				FA3B9847198AB4CC005953CE /* AppDelegate */,
				FACA834B198AB2FD0059676C /* Images.xcassets */,
				FACA8342198AB2FD0059676C /* Supporting Files */,
			);
			path = AddressBook;
			sourceTree = "<group>";
		};
		FACA8342198AB2FD0059676C /* Supporting Files */ = {
			isa = PBXGroup;
			children = (
				FA3B984A198AB8C2005953CE /* Bridging.h */,
				FACA8343198AB2FD0059676C /* Info.plist */,
			);
			name = "Supporting Files";
			sourceTree = "<group>";
		};
/* End PBXGroup section */

/* Begin PBXNativeTarget section */
		FACA833E198AB2FD0059676C /* AddressBook */ = {
			isa = PBXNativeTarget;
			buildConfigurationList = FACA835B198AB2FD0059676C /* Build configuration list for PBXNativeTarget "AddressBook" */;
			buildPhases = (
				33F0520C9FDA49DCA3BB9D9C /* Check Pods Manifest.lock */,
				FACA833B198AB2FD0059676C /* Sources */,
				FACA833C198AB2FD0059676C /* Frameworks */,
				FACA833D198AB2FD0059676C /* Resources */,
				B2898E40613B4BB0A854A658 /* Copy Pods Resources */,
				E0E8BCB42F883C2CED641DC0 /* Embed Pods Frameworks */,
			);
			buildRules = (
			);
			dependencies = (
			);
			name = AddressBook;
			productName = AddressBook;
			productReference = FACA833F198AB2FD0059676C /* AddressBook.app */;
			productType = "com.apple.product-type.application";
		};
/* End PBXNativeTarget section */

/* Begin PBXProject section */
		FACA8337198AB2FD0059676C /* Project object */ = {
			isa = PBXProject;
			attributes = {
				LastSwiftUpdateCheck = 0700;
				LastUpgradeCheck = 0700;
				ORGANIZATIONNAME = alterplay;
				TargetAttributes = {
					FACA833E198AB2FD0059676C = {
						CreatedOnToolsVersion = 6.0;
					};
				};
			};
			buildConfigurationList = FACA833A198AB2FD0059676C /* Build configuration list for PBXProject "AddressBook" */;
			compatibilityVersion = "Xcode 3.2";
			developmentRegion = English;
			hasScannedForEncodings = 0;
			knownRegions = (
				en,
				Base,
			);
			mainGroup = FACA8336198AB2FD0059676C;
			productRefGroup = FACA8340198AB2FD0059676C /* Products */;
			projectDirPath = "";
			projectRoot = "";
			targets = (
				FACA833E198AB2FD0059676C /* AddressBook */,
			);
		};
/* End PBXProject section */

/* Begin PBXResourcesBuildPhase section */
		FACA833D198AB2FD0059676C /* Resources */ = {
			isa = PBXResourcesBuildPhase;
			buildActionMask = 2147483647;
			files = (
				FACA834A198AB2FD0059676C /* Main.storyboard in Resources */,
				FACA834C198AB2FD0059676C /* Images.xcassets in Resources */,
			);
			runOnlyForDeploymentPostprocessing = 0;
		};
/* End PBXResourcesBuildPhase section */

/* Begin PBXShellScriptBuildPhase section */
		33F0520C9FDA49DCA3BB9D9C /* Check Pods Manifest.lock */ = {
			isa = PBXShellScriptBuildPhase;
			buildActionMask = 2147483647;
			files = (
			);
			inputPaths = (
			);
			name = "Check Pods Manifest.lock";
			outputPaths = (
			);
			runOnlyForDeploymentPostprocessing = 0;
			shellPath = /bin/sh;
			shellScript = "diff \"${PODS_ROOT}/../Podfile.lock\" \"${PODS_ROOT}/Manifest.lock\" > /dev/null\nif [[ $? != 0 ]] ; then\n    cat << EOM\nerror: The sandbox is not in sync with the Podfile.lock. Run 'pod install' or update your CocoaPods installation.\nEOM\n    exit 1\nfi\n";
			showEnvVarsInLog = 0;
		};
		B2898E40613B4BB0A854A658 /* Copy Pods Resources */ = {
			isa = PBXShellScriptBuildPhase;
			buildActionMask = 2147483647;
			files = (
			);
			inputPaths = (
			);
			name = "Copy Pods Resources";
			outputPaths = (
			);
			runOnlyForDeploymentPostprocessing = 0;
			shellPath = /bin/sh;
			shellScript = "\"${SRCROOT}/Pods/Target Support Files/Pods/Pods-resources.sh\"\n";
			showEnvVarsInLog = 0;
		};
		E0E8BCB42F883C2CED641DC0 /* Embed Pods Frameworks */ = {
			isa = PBXShellScriptBuildPhase;
			buildActionMask = 2147483647;
			files = (
			);
			inputPaths = (
			);
			name = "Embed Pods Frameworks";
			outputPaths = (
			);
			runOnlyForDeploymentPostprocessing = 0;
			shellPath = /bin/sh;
			shellScript = "\"${SRCROOT}/Pods/Target Support Files/Pods/Pods-frameworks.sh\"\n";
			showEnvVarsInLog = 0;
		};
/* End PBXShellScriptBuildPhase section */

/* Begin PBXSourcesBuildPhase section */
		FACA833B198AB2FD0059676C /* Sources */ = {
			isa = PBXSourcesBuildPhase;
			buildActionMask = 2147483647;
			files = (
				FACA8347198AB2FD0059676C /* ViewController.swift in Sources */,
				FA3B984C198ABBB5005953CE /* TableViewCell.swift in Sources */,
				FACA8345198AB2FD0059676C /* AppDelegate.swift in Sources */,
				2DBA1D06B540412341183C26 /* APJob.m in Sources */,
				2DBA1FEA55E9F18B48D08744 /* APName.m in Sources */,
				2DBA1698444FFC18865D3F8A /* APEmail.m in Sources */,
				2DBA18D0F47A1B7C5A949975 /* APPhone.m in Sources */,
				2DBA1FF448126E5A664886A6 /* APSource.m in Sources */,
				2DBA12C009DF840FBF8B9814 /* APAddress.m in Sources */,
				2DBA14C1FDD7C0FCF2AA90CD /* APContact.m in Sources */,
				2DBA1510F4032ED6F7865F46 /* APRecordDate.m in Sources */,
				2DBA1C184E4D42C3554159FE /* APRelatedPerson.m in Sources */,
				2DBA1EBDD7AAA1F6DFCDA8C8 /* APSocialProfile.m in Sources */,
				2DBA167261FFA4BBC45578CD /* APAddressBook.m in Sources */,
				2DBA1A57C7C32CE574FCBAA8 /* APThread.m in Sources */,
				2DBA10BA949BD8EE94CE1B7F /* APSocialServiceHelper.m in Sources */,
				2DBA16BC6A2D5A26B09A35CB /* APAddressBookBaseRoutine.m in Sources */,
				2DBA16C1CB1EF01C1A9D7C4B /* APAddressBookAccessRoutine.m in Sources */,
				2DBA16781C5DC6A96A2CFF52 /* APAddressBookContactsRoutine.m in Sources */,
				2DBA1ED5FF8BB0422251D099 /* APAddressBookExternalChangeRoutine.m in Sources */,
				2DBA1ED7FA65157CAFEE6AD6 /* APAddressBookRefWrapper.m in Sources */,
				2DBA10737FE3D78B376ECA63 /* APContactBuilder.m in Sources */,
				2DBA109D090690D1FFC475E1 /* NSArray+APAddressBook.m in Sources */,
				2DBA1C1C26ADAA7E92CA8B2C /* APImageExtractor.m in Sources */,
				2DBA1016FFF055FF45A9055F /* APContactDataExtractor.m in Sources */,
			);
			runOnlyForDeploymentPostprocessing = 0;
		};
/* End PBXSourcesBuildPhase section */

/* Begin PBXVariantGroup section */
		FACA8348198AB2FD0059676C /* Main.storyboard */ = {
			isa = PBXVariantGroup;
			children = (
				FACA8349198AB2FD0059676C /* Base */,
			);
			name = Main.storyboard;
			sourceTree = "<group>";
		};
/* End PBXVariantGroup section */

/* Begin XCBuildConfiguration section */
		FACA8359198AB2FD0059676C /* Debug */ = {
			isa = XCBuildConfiguration;
			buildSettings = {
				ALWAYS_SEARCH_USER_PATHS = NO;
				CLANG_CXX_LANGUAGE_STANDARD = "gnu++0x";
				CLANG_CXX_LIBRARY = "libc++";
				CLANG_ENABLE_MODULES = YES;
				CLANG_ENABLE_OBJC_ARC = YES;
				CLANG_WARN_BOOL_CONVERSION = YES;
				CLANG_WARN_CONSTANT_CONVERSION = YES;
				CLANG_WARN_DIRECT_OBJC_ISA_USAGE = YES_ERROR;
				CLANG_WARN_EMPTY_BODY = YES;
				CLANG_WARN_ENUM_CONVERSION = YES;
				CLANG_WARN_INT_CONVERSION = YES;
				CLANG_WARN_OBJC_ROOT_CLASS = YES_ERROR;
				CLANG_WARN_UNREACHABLE_CODE = YES;
				CLANG_WARN__DUPLICATE_METHOD_MATCH = YES;
				"CODE_SIGN_IDENTITY[sdk=iphoneos*]" = "iPhone Developer";
				COPY_PHASE_STRIP = NO;
				ENABLE_STRICT_OBJC_MSGSEND = YES;
				ENABLE_TESTABILITY = YES;
				GCC_C_LANGUAGE_STANDARD = gnu99;
				GCC_DYNAMIC_NO_PIC = NO;
				GCC_OPTIMIZATION_LEVEL = 0;
				GCC_PREPROCESSOR_DEFINITIONS = (
					"DEBUG=1",
					"$(inherited)",
				);
				GCC_SYMBOLS_PRIVATE_EXTERN = NO;
				GCC_WARN_64_TO_32_BIT_CONVERSION = YES;
				GCC_WARN_ABOUT_RETURN_TYPE = YES_ERROR;
				GCC_WARN_UNDECLARED_SELECTOR = YES;
				GCC_WARN_UNINITIALIZED_AUTOS = YES_AGGRESSIVE;
				GCC_WARN_UNUSED_FUNCTION = YES;
				GCC_WARN_UNUSED_VARIABLE = YES;
				IPHONEOS_DEPLOYMENT_TARGET = 8.0;
				MTL_ENABLE_DEBUG_INFO = YES;
				ONLY_ACTIVE_ARCH = YES;
				SDKROOT = iphoneos;
				SWIFT_OPTIMIZATION_LEVEL = "-Onone";
			};
			name = Debug;
		};
		FACA835A198AB2FD0059676C /* Release */ = {
			isa = XCBuildConfiguration;
			buildSettings = {
				ALWAYS_SEARCH_USER_PATHS = NO;
				CLANG_CXX_LANGUAGE_STANDARD = "gnu++0x";
				CLANG_CXX_LIBRARY = "libc++";
				CLANG_ENABLE_MODULES = YES;
				CLANG_ENABLE_OBJC_ARC = YES;
				CLANG_WARN_BOOL_CONVERSION = YES;
				CLANG_WARN_CONSTANT_CONVERSION = YES;
				CLANG_WARN_DIRECT_OBJC_ISA_USAGE = YES_ERROR;
				CLANG_WARN_EMPTY_BODY = YES;
				CLANG_WARN_ENUM_CONVERSION = YES;
				CLANG_WARN_INT_CONVERSION = YES;
				CLANG_WARN_OBJC_ROOT_CLASS = YES_ERROR;
				CLANG_WARN_UNREACHABLE_CODE = YES;
				CLANG_WARN__DUPLICATE_METHOD_MATCH = YES;
				"CODE_SIGN_IDENTITY[sdk=iphoneos*]" = "iPhone Developer";
				COPY_PHASE_STRIP = YES;
				ENABLE_NS_ASSERTIONS = NO;
				ENABLE_STRICT_OBJC_MSGSEND = YES;
				GCC_C_LANGUAGE_STANDARD = gnu99;
				GCC_WARN_64_TO_32_BIT_CONVERSION = YES;
				GCC_WARN_ABOUT_RETURN_TYPE = YES_ERROR;
				GCC_WARN_UNDECLARED_SELECTOR = YES;
				GCC_WARN_UNINITIALIZED_AUTOS = YES_AGGRESSIVE;
				GCC_WARN_UNUSED_FUNCTION = YES;
				GCC_WARN_UNUSED_VARIABLE = YES;
				IPHONEOS_DEPLOYMENT_TARGET = 8.0;
				MTL_ENABLE_DEBUG_INFO = NO;
				SDKROOT = iphoneos;
				VALIDATE_PRODUCT = YES;
			};
			name = Release;
		};
		FACA835C198AB2FD0059676C /* Debug */ = {
			isa = XCBuildConfiguration;
			baseConfigurationReference = C119F157280640CA31CD4E27 /* Pods.debug.xcconfig */;
			buildSettings = {
				ASSETCATALOG_COMPILER_APPICON_NAME = AppIcon;
				ASSETCATALOG_COMPILER_LAUNCHIMAGE_NAME = LaunchImage;
				INFOPLIST_FILE = AddressBook/Info.plist;
				IPHONEOS_DEPLOYMENT_TARGET = 8.0;
				LD_RUNPATH_SEARCH_PATHS = "$(inherited) @executable_path/Frameworks";
				PRODUCT_BUNDLE_IDENTIFIER = "com.alterplay.${PRODUCT_NAME:rfc1034identifier}";
				PRODUCT_NAME = "$(TARGET_NAME)";
				SWIFT_OBJC_BRIDGING_HEADER = AddressBook/Bridging.h;
			};
			name = Debug;
		};
		FACA835D198AB2FD0059676C /* Release */ = {
			isa = XCBuildConfiguration;
			baseConfigurationReference = 66F112F4D42891A3F34E4113 /* Pods.release.xcconfig */;
			buildSettings = {
				ASSETCATALOG_COMPILER_APPICON_NAME = AppIcon;
				ASSETCATALOG_COMPILER_LAUNCHIMAGE_NAME = LaunchImage;
				INFOPLIST_FILE = AddressBook/Info.plist;
				IPHONEOS_DEPLOYMENT_TARGET = 8.0;
				LD_RUNPATH_SEARCH_PATHS = "$(inherited) @executable_path/Frameworks";
				PRODUCT_BUNDLE_IDENTIFIER = "com.alterplay.${PRODUCT_NAME:rfc1034identifier}";
				PRODUCT_NAME = "$(TARGET_NAME)";
				SWIFT_OBJC_BRIDGING_HEADER = AddressBook/Bridging.h;
			};
			name = Release;
		};
/* End XCBuildConfiguration section */

/* Begin XCConfigurationList section */
		FACA833A198AB2FD0059676C /* Build configuration list for PBXProject "AddressBook" */ = {
			isa = XCConfigurationList;
			buildConfigurations = (
				FACA8359198AB2FD0059676C /* Debug */,
				FACA835A198AB2FD0059676C /* Release */,
			);
			defaultConfigurationIsVisible = 0;
			defaultConfigurationName = Release;
		};
		FACA835B198AB2FD0059676C /* Build configuration list for PBXNativeTarget "AddressBook" */ = {
			isa = XCConfigurationList;
			buildConfigurations = (
				FACA835C198AB2FD0059676C /* Debug */,
				FACA835D198AB2FD0059676C /* Release */,
			);
			defaultConfigurationIsVisible = 0;
			defaultConfigurationName = Release;
		};
/* End XCConfigurationList section */
	};
	rootObject = FACA8337198AB2FD0059676C /* Project object */;
}
