// !$*UTF8*$!
{
	archiveVersion = 1;
	classes = {
	};
	objectVersion = 46;
	objects = {

/* Begin PBXBuildFile section */
		1836CB688EEA66DEB8909B57 /* Pods_AddressBook.framework in Frameworks */ = {isa = PBXBuildFile; fileRef = A56F1B181C271D768A508D1C /* Pods_AddressBook.framework */; };
		FA3B984C198ABBB5005953CE /* TableViewCell.swift in Sources */ = {isa = PBXBuildFile; fileRef = FA3B984B198ABBB5005953CE /* TableViewCell.swift */; };
		FACA8345198AB2FD0059676C /* AppDelegate.swift in Sources */ = {isa = PBXBuildFile; fileRef = FACA8344198AB2FD0059676C /* AppDelegate.swift */; };
		FACA8347198AB2FD0059676C /* ViewController.swift in Sources */ = {isa = PBXBuildFile; fileRef = FACA8346198AB2FD0059676C /* ViewController.swift */; };
		FACA834A198AB2FD0059676C /* Main.storyboard in Resources */ = {isa = PBXBuildFile; fileRef = FACA8348198AB2FD0059676C /* Main.storyboard */; };
		FACA834C198AB2FD0059676C /* Images.xcassets in Resources */ = {isa = PBXBuildFile; fileRef = FACA834B198AB2FD0059676C /* Images.xcassets */; };
/* End PBXBuildFile section */

/* Begin PBXFileReference section */
		00579F423ED1339EB0D8245E /* Pods-AddressBook.debug.xcconfig */ = {isa = PBXFileReference; includeInIndex = 1; lastKnownFileType = text.xcconfig; name = "Pods-AddressBook.debug.xcconfig"; path = "Pods/Target Support Files/Pods-AddressBook/Pods-AddressBook.debug.xcconfig"; sourceTree = "<group>"; };
		3BB78809B6D8C50909ECAA0D /* Pods.framework */ = {isa = PBXFileReference; explicitFileType = wrapper.framework; includeInIndex = 0; path = Pods.framework; sourceTree = BUILT_PRODUCTS_DIR; };
		A56F1B181C271D768A508D1C /* Pods_AddressBook.framework */ = {isa = PBXFileReference; explicitFileType = wrapper.framework; includeInIndex = 0; path = Pods_AddressBook.framework; sourceTree = BUILT_PRODUCTS_DIR; };
		CAD7C88476E77E1FA29521BB /* Pods-AddressBook.release.xcconfig */ = {isa = PBXFileReference; includeInIndex = 1; lastKnownFileType = text.xcconfig; name = "Pods-AddressBook.release.xcconfig"; path = "Pods/Target Support Files/Pods-AddressBook/Pods-AddressBook.release.xcconfig"; sourceTree = "<group>"; };
		FA3B984A198AB8C2005953CE /* Bridging.h */ = {isa = PBXFileReference; fileEncoding = 4; lastKnownFileType = sourcecode.c.h; path = Bridging.h; sourceTree = "<group>"; };
		FA3B984B198ABBB5005953CE /* TableViewCell.swift */ = {isa = PBXFileReference; fileEncoding = 4; lastKnownFileType = sourcecode.swift; path = TableViewCell.swift; sourceTree = "<group>"; };
		FACA833F198AB2FD0059676C /* AddressBook.app */ = {isa = PBXFileReference; explicitFileType = wrapper.application; includeInIndex = 0; path = AddressBook.app; sourceTree = BUILT_PRODUCTS_DIR; };
		FACA8343198AB2FD0059676C /* Info.plist */ = {isa = PBXFileReference; lastKnownFileType = text.plist.xml; path = Info.plist; sourceTree = "<group>"; };
		FACA8344198AB2FD0059676C /* AppDelegate.swift */ = {isa = PBXFileReference; lastKnownFileType = sourcecode.swift; path = AppDelegate.swift; sourceTree = "<group>"; };
		FACA8346198AB2FD0059676C /* ViewController.swift */ = {isa = PBXFileReference; lastKnownFileType = sourcecode.swift; path = ViewController.swift; sourceTree = "<group>"; };
		FACA8349198AB2FD0059676C /* Base */ = {isa = PBXFileReference; lastKnownFileType = file.storyboard; name = Base; path = Base.lproj/Main.storyboard; sourceTree = "<group>"; };
		FACA834B198AB2FD0059676C /* Images.xcassets */ = {isa = PBXFileReference; lastKnownFileType = folder.assetcatalog; path = Images.xcassets; sourceTree = "<group>"; };
/* End PBXFileReference section */

/* Begin PBXFrameworksBuildPhase section */
		FACA833C198AB2FD0059676C /* Frameworks */ = {
			isa = PBXFrameworksBuildPhase;
			buildActionMask = 2147483647;
			files = (
				1836CB688EEA66DEB8909B57 /* Pods_AddressBook.framework in Frameworks */,
			);
			runOnlyForDeploymentPostprocessing = 0;
		};
/* End PBXFrameworksBuildPhase section */

/* Begin PBXGroup section */
		609A72A3C3649D4ED56E0AE8 /* Pods */ = {
			isa = PBXGroup;
			children = (
				00579F423ED1339EB0D8245E /* Pods-AddressBook.debug.xcconfig */,
				CAD7C88476E77E1FA29521BB /* Pods-AddressBook.release.xcconfig */,
			);
			name = Pods;
			sourceTree = "<group>";
		};
		65E3953D9FB24ACD81049105 /* Frameworks */ = {
			isa = PBXGroup;
			children = (
				3BB78809B6D8C50909ECAA0D /* Pods.framework */,
				A56F1B181C271D768A508D1C /* Pods_AddressBook.framework */,
			);
			name = Frameworks;
			sourceTree = "<group>";
		};
		FA3B9847198AB4CC005953CE /* AppDelegate */ = {
			isa = PBXGroup;
			children = (
				FACA8344198AB2FD0059676C /* AppDelegate.swift */,
			);
			name = AppDelegate;
			sourceTree = "<group>";
		};
		FA3B9848198AB4D4005953CE /* Controllers */ = {
			isa = PBXGroup;
			children = (
				FACA8346198AB2FD0059676C /* ViewController.swift */,
				FACA8348198AB2FD0059676C /* Main.storyboard */,
			);
			name = Controllers;
			sourceTree = "<group>";
		};
		FA3B984D198ABBBA005953CE /* Views */ = {
			isa = PBXGroup;
			children = (
				FA3B984B198ABBB5005953CE /* TableViewCell.swift */,
			);
			name = Views;
			sourceTree = "<group>";
		};
		FACA8336198AB2FD0059676C = {
			isa = PBXGroup;
			children = (
				FACA8341198AB2FD0059676C /* AddressBook */,
				FACA8340198AB2FD0059676C /* Products */,
				65E3953D9FB24ACD81049105 /* Frameworks */,
				609A72A3C3649D4ED56E0AE8 /* Pods */,
			);
			sourceTree = "<group>";
		};
		FACA8340198AB2FD0059676C /* Products */ = {
			isa = PBXGroup;
			children = (
				FACA833F198AB2FD0059676C /* AddressBook.app */,
			);
			name = Products;
			sourceTree = "<group>";
		};
		FACA8341198AB2FD0059676C /* AddressBook */ = {
			isa = PBXGroup;
			children = (
				FA3B9848198AB4D4005953CE /* Controllers */,
				FA3B984D198ABBBA005953CE /* Views */,
				FA3B9847198AB4CC005953CE /* AppDelegate */,
				FACA834B198AB2FD0059676C /* Images.xcassets */,
				FACA8342198AB2FD0059676C /* Supporting Files */,
			);
			path = AddressBook;
			sourceTree = "<group>";
		};
		FACA8342198AB2FD0059676C /* Supporting Files */ = {
			isa = PBXGroup;
			children = (
				FA3B984A198AB8C2005953CE /* Bridging.h */,
				FACA8343198AB2FD0059676C /* Info.plist */,
			);
			name = "Supporting Files";
			sourceTree = "<group>";
		};
/* End PBXGroup section */

/* Begin PBXNativeTarget section */
		FACA833E198AB2FD0059676C /* AddressBook */ = {
			isa = PBXNativeTarget;
			buildConfigurationList = FACA835B198AB2FD0059676C /* Build configuration list for PBXNativeTarget "AddressBook" */;
			buildPhases = (
				EBBC7A7CC9849A978FBDD09A /* [CP] Check Pods Manifest.lock */,
				FACA833B198AB2FD0059676C /* Sources */,
				FACA833C198AB2FD0059676C /* Frameworks */,
				FACA833D198AB2FD0059676C /* Resources */,
				6A90289BF3ED606138FDD768 /* [CP] Embed Pods Frameworks */,
				93766096ECFE5B6DECE22A19 /* [CP] Copy Pods Resources */,
			);
			buildRules = (
			);
			dependencies = (
			);
			name = AddressBook;
			productName = AddressBook;
			productReference = FACA833F198AB2FD0059676C /* AddressBook.app */;
			productType = "com.apple.product-type.application";
		};
/* End PBXNativeTarget section */

/* Begin PBXProject section */
		FACA8337198AB2FD0059676C /* Project object */ = {
			isa = PBXProject;
			attributes = {
				LastSwiftUpdateCheck = 0700;
				LastUpgradeCheck = 0700;
				ORGANIZATIONNAME = alterplay;
				TargetAttributes = {
					FACA833E198AB2FD0059676C = {
						CreatedOnToolsVersion = 6.0;
					};
				};
			};
			buildConfigurationList = FACA833A198AB2FD0059676C /* Build configuration list for PBXProject "AddressBook" */;
			compatibilityVersion = "Xcode 3.2";
			developmentRegion = English;
			hasScannedForEncodings = 0;
			knownRegions = (
				en,
				Base,
			);
			mainGroup = FACA8336198AB2FD0059676C;
			productRefGroup = FACA8340198AB2FD0059676C /* Products */;
			projectDirPath = "";
			projectRoot = "";
			targets = (
				FACA833E198AB2FD0059676C /* AddressBook */,
			);
		};
/* End PBXProject section */

/* Begin PBXResourcesBuildPhase section */
		FACA833D198AB2FD0059676C /* Resources */ = {
			isa = PBXResourcesBuildPhase;
			buildActionMask = 2147483647;
			files = (
				FACA834A198AB2FD0059676C /* Main.storyboard in Resources */,
				FACA834C198AB2FD0059676C /* Images.xcassets in Resources */,
			);
			runOnlyForDeploymentPostprocessing = 0;
		};
/* End PBXResourcesBuildPhase section */

/* Begin PBXShellScriptBuildPhase section */
		6A90289BF3ED606138FDD768 /* [CP] Embed Pods Frameworks */ = {
			isa = PBXShellScriptBuildPhase;
			buildActionMask = 2147483647;
			files = (
			);
			inputPaths = (
			);
			name = "[CP] Embed Pods Frameworks";
			outputPaths = (
			);
			runOnlyForDeploymentPostprocessing = 0;
			shellPath = /bin/sh;
			shellScript = "\"${SRCROOT}/Pods/Target Support Files/Pods-AddressBook/Pods-AddressBook-frameworks.sh\"\n";
			showEnvVarsInLog = 0;
		};
		93766096ECFE5B6DECE22A19 /* [CP] Copy Pods Resources */ = {
			isa = PBXShellScriptBuildPhase;
			buildActionMask = 2147483647;
			files = (
			);
			inputPaths = (
			);
			name = "[CP] Copy Pods Resources";
			outputPaths = (
			);
			runOnlyForDeploymentPostprocessing = 0;
			shellPath = /bin/sh;
			shellScript = "\"${SRCROOT}/Pods/Target Support Files/Pods-AddressBook/Pods-AddressBook-resources.sh\"\n";
			showEnvVarsInLog = 0;
		};
		EBBC7A7CC9849A978FBDD09A /* [CP] Check Pods Manifest.lock */ = {
			isa = PBXShellScriptBuildPhase;
			buildActionMask = 2147483647;
			files = (
			);
			inputPaths = (
			);
			name = "[CP] Check Pods Manifest.lock";
			outputPaths = (
			);
			runOnlyForDeploymentPostprocessing = 0;
			shellPath = /bin/sh;
			shellScript = "diff \"${PODS_ROOT}/../Podfile.lock\" \"${PODS_ROOT}/Manifest.lock\" > /dev/null\nif [[ $? != 0 ]] ; then\n    cat << EOM\nerror: The sandbox is not in sync with the Podfile.lock. Run 'pod install' or update your CocoaPods installation.\nEOM\n    exit 1\nfi\n";
			showEnvVarsInLog = 0;
		};
/* End PBXShellScriptBuildPhase section */

/* Begin PBXSourcesBuildPhase section */
		FACA833B198AB2FD0059676C /* Sources */ = {
			isa = PBXSourcesBuildPhase;
			buildActionMask = 2147483647;
			files = (
				FACA8347198AB2FD0059676C /* ViewController.swift in Sources */,
				FA3B984C198ABBB5005953CE /* TableViewCell.swift in Sources */,
				FACA8345198AB2FD0059676C /* AppDelegate.swift in Sources */,
			);
			runOnlyForDeploymentPostprocessing = 0;
		};
/* End PBXSourcesBuildPhase section */

/* Begin PBXVariantGroup section */
		FACA8348198AB2FD0059676C /* Main.storyboard */ = {
			isa = PBXVariantGroup;
			children = (
				FACA8349198AB2FD0059676C /* Base */,
			);
			name = Main.storyboard;
			sourceTree = "<group>";
		};
/* End PBXVariantGroup section */

/* Begin XCBuildConfiguration section */
		FACA8359198AB2FD0059676C /* Debug */ = {
			isa = XCBuildConfiguration;
			buildSettings = {
				ALWAYS_SEARCH_USER_PATHS = NO;
				CLANG_CXX_LANGUAGE_STANDARD = "gnu++0x";
				CLANG_CXX_LIBRARY = "libc++";
				CLANG_ENABLE_MODULES = YES;
				CLANG_ENABLE_OBJC_ARC = YES;
				CLANG_WARN_BOOL_CONVERSION = YES;
				CLANG_WARN_CONSTANT_CONVERSION = YES;
				CLANG_WARN_DIRECT_OBJC_ISA_USAGE = YES_ERROR;
				CLANG_WARN_EMPTY_BODY = YES;
				CLANG_WARN_ENUM_CONVERSION = YES;
				CLANG_WARN_INT_CONVERSION = YES;
				CLANG_WARN_OBJC_ROOT_CLASS = YES_ERROR;
				CLANG_WARN_UNREACHABLE_CODE = YES;
				CLANG_WARN__DUPLICATE_METHOD_MATCH = YES;
				"CODE_SIGN_IDENTITY[sdk=iphoneos*]" = "iPhone Developer";
				COPY_PHASE_STRIP = NO;
				ENABLE_STRICT_OBJC_MSGSEND = YES;
				ENABLE_TESTABILITY = YES;
				GCC_C_LANGUAGE_STANDARD = gnu99;
				GCC_DYNAMIC_NO_PIC = NO;
				GCC_OPTIMIZATION_LEVEL = 0;
				GCC_PREPROCESSOR_DEFINITIONS = (
					"DEBUG=1",
					"$(inherited)",
				);
				GCC_SYMBOLS_PRIVATE_EXTERN = NO;
				GCC_WARN_64_TO_32_BIT_CONVERSION = YES;
				GCC_WARN_ABOUT_RETURN_TYPE = YES_ERROR;
				GCC_WARN_UNDECLARED_SELECTOR = YES;
				GCC_WARN_UNINITIALIZED_AUTOS = YES_AGGRESSIVE;
				GCC_WARN_UNUSED_FUNCTION = YES;
				GCC_WARN_UNUSED_VARIABLE = YES;
				IPHONEOS_DEPLOYMENT_TARGET = 8.0;
				MTL_ENABLE_DEBUG_INFO = YES;
				ONLY_ACTIVE_ARCH = YES;
				SDKROOT = iphoneos;
				SWIFT_OPTIMIZATION_LEVEL = "-Onone";
			};
			name = Debug;
		};
		FACA835A198AB2FD0059676C /* Release */ = {
			isa = XCBuildConfiguration;
			buildSettings = {
				ALWAYS_SEARCH_USER_PATHS = NO;
				CLANG_CXX_LANGUAGE_STANDARD = "gnu++0x";
				CLANG_CXX_LIBRARY = "libc++";
				CLANG_ENABLE_MODULES = YES;
				CLANG_ENABLE_OBJC_ARC = YES;
				CLANG_WARN_BOOL_CONVERSION = YES;
				CLANG_WARN_CONSTANT_CONVERSION = YES;
				CLANG_WARN_DIRECT_OBJC_ISA_USAGE = YES_ERROR;
				CLANG_WARN_EMPTY_BODY = YES;
				CLANG_WARN_ENUM_CONVERSION = YES;
				CLANG_WARN_INT_CONVERSION = YES;
				CLANG_WARN_OBJC_ROOT_CLASS = YES_ERROR;
				CLANG_WARN_UNREACHABLE_CODE = YES;
				CLANG_WARN__DUPLICATE_METHOD_MATCH = YES;
				"CODE_SIGN_IDENTITY[sdk=iphoneos*]" = "iPhone Developer";
				COPY_PHASE_STRIP = YES;
				ENABLE_NS_ASSERTIONS = NO;
				ENABLE_STRICT_OBJC_MSGSEND = YES;
				GCC_C_LANGUAGE_STANDARD = gnu99;
				GCC_WARN_64_TO_32_BIT_CONVERSION = YES;
				GCC_WARN_ABOUT_RETURN_TYPE = YES_ERROR;
				GCC_WARN_UNDECLARED_SELECTOR = YES;
				GCC_WARN_UNINITIALIZED_AUTOS = YES_AGGRESSIVE;
				GCC_WARN_UNUSED_FUNCTION = YES;
				GCC_WARN_UNUSED_VARIABLE = YES;
				IPHONEOS_DEPLOYMENT_TARGET = 8.0;
				MTL_ENABLE_DEBUG_INFO = NO;
				SDKROOT = iphoneos;
				VALIDATE_PRODUCT = YES;
			};
			name = Release;
		};
		FACA835C198AB2FD0059676C /* Debug */ = {
			isa = XCBuildConfiguration;
			baseConfigurationReference = 00579F423ED1339EB0D8245E /* Pods-AddressBook.debug.xcconfig */;
			buildSettings = {
				ASSETCATALOG_COMPILER_APPICON_NAME = AppIcon;
				ASSETCATALOG_COMPILER_LAUNCHIMAGE_NAME = LaunchImage;
				INFOPLIST_FILE = AddressBook/Info.plist;
				IPHONEOS_DEPLOYMENT_TARGET = 8.0;
				LD_RUNPATH_SEARCH_PATHS = "$(inherited) @executable_path/Frameworks";
				PRODUCT_BUNDLE_IDENTIFIER = "com.alterplay.${PRODUCT_NAME:rfc1034identifier}";
				PRODUCT_NAME = "$(TARGET_NAME)";
				SWIFT_OBJC_BRIDGING_HEADER = AddressBook/Bridging.h;
			};
			name = Debug;
		};
		FACA835D198AB2FD0059676C /* Release */ = {
			isa = XCBuildConfiguration;
			baseConfigurationReference = CAD7C88476E77E1FA29521BB /* Pods-AddressBook.release.xcconfig */;
			buildSettings = {
				ASSETCATALOG_COMPILER_APPICON_NAME = AppIcon;
				ASSETCATALOG_COMPILER_LAUNCHIMAGE_NAME = LaunchImage;
				INFOPLIST_FILE = AddressBook/Info.plist;
				IPHONEOS_DEPLOYMENT_TARGET = 8.0;
				LD_RUNPATH_SEARCH_PATHS = "$(inherited) @executable_path/Frameworks";
				PRODUCT_BUNDLE_IDENTIFIER = "com.alterplay.${PRODUCT_NAME:rfc1034identifier}";
				PRODUCT_NAME = "$(TARGET_NAME)";
				SWIFT_OBJC_BRIDGING_HEADER = AddressBook/Bridging.h;
			};
			name = Release;
		};
/* End XCBuildConfiguration section */

/* Begin XCConfigurationList section */
		FACA833A198AB2FD0059676C /* Build configuration list for PBXProject "AddressBook" */ = {
			isa = XCConfigurationList;
			buildConfigurations = (
				FACA8359198AB2FD0059676C /* Debug */,
				FACA835A198AB2FD0059676C /* Release */,
			);
			defaultConfigurationIsVisible = 0;
			defaultConfigurationName = Release;
		};
		FACA835B198AB2FD0059676C /* Build configuration list for PBXNativeTarget "AddressBook" */ = {
			isa = XCConfigurationList;
			buildConfigurations = (
				FACA835C198AB2FD0059676C /* Debug */,
				FACA835D198AB2FD0059676C /* Release */,
			);
			defaultConfigurationIsVisible = 0;
			defaultConfigurationName = Release;
		};
/* End XCConfigurationList section */
	};
	rootObject = FACA8337198AB2FD0059676C /* Project object */;
}
