PODS:
  - DTModelStorage (0.9.1):
    - DTModelStorage/All
  - DTModelStorage/All (0.9.1):
    - DTModelStorage/CoreDataStorage
    - DTModelStorage/MemoryStorage
    - DTModelStorage/ModelTransfer
  - DTModelStorage/Core (0.9.1)
  - DTModelStorage/CoreDataStorage (0.9.1):
    - DTModelStorage/Core
  - DTModelStorage/MemoryStorage (0.9.1):
    - DTModelStorage/Core
  - DTModelStorage/ModelTransfer (0.9.1)
  - DTTableViewManager (2.7.3):
    - DTModelStorage (~> 0.9.1)

DEPENDENCIES:
  - DTTableViewManager

SPEC CHECKSUMS:
  DTModelStorage: 243ea35bb59bf2b72ded34a2c30301493e8dd257
  DTTableViewManager: ea83ab9c953834f62190555455a5e4449ef78a8f

COCOAPODS: 0.34.4
