PODS:
  - DTModelStorage (4.0.0):
    - DTModelStorage/Core (= 4.0.0)
  - DTModelStorage/Core (4.0.0)
  - DTTableViewManager (5.1.0):
    - DTModelStorage (~> 4.0)

DEPENDENCIES:
  - DTTableViewManager

SPEC CHECKSUMS:
  DTModelStorage: 40815bba052712c8d62d278321d15663477ff30a
  DTTableViewManager: 962eabd720c91be22b9f7306aaefea40f60509f9

PODFILE CHECKSUM: e4b62ba1ef2a3f257d0601411efd74e243efe0f7

COCOAPODS: 1.1.1
