PODS:
  - APAddressBook/Core (0.2.3)
  - APAddressBook/Swift (0.2.3):
    - APAddressBook/Core
  - DTModelStorage (2.6.2):
    - DTModelStorage/Core (= 2.6.2)
  - DTModelStorage/Core (2.6.2)
  - DTTableViewManager (4.7.0):
    - DTModelStorage (~> 2.6.0)

DEPENDENCIES:
  - APAddressBook/Swift
  - DTTableViewManager

SPEC CHECKSUMS:
  APAddressBook: 2a91bf05999548bea210ec9d1a68073f4dc8bfce
  DTModelStorage: afd736e5309f374c29dcd7e4364e7571e32e5db1
  DTTableViewManager: 4a961b5ffaa9a57387ccff7f9280d001c9c64082

PODFILE CHECKSUM: 3147938b07de20fa4e00e54bb0416d3a893a6fb1

COCOAPODS: 1.0.1
